
Microsoft Visual Studio Solution File, Format Version 12.00
# Visual Studio Version 17
VisualStudioVersion = 17.3.32825.248
MinimumVisualStudioVersion = 10.0.40219.1
Project("{FAE04EC0-301F-11D3-BF4B-00C04F79EFBC}") = "Deliverable 2 resubmit", "Deliverable 2 resubmit\Deliverable 2 resubmit.csproj", "{3AF8DF2F-394B-4D3D-8761-F143C4A2F340}"
EndProject
Global
	GlobalSection(SolutionConfigurationPlatforms) = preSolution
		Debug|Any CPU = Debug|Any CPU
		Release|Any CPU = Release|Any CPU
	EndGlobalSection
	GlobalSection(ProjectConfigurationPlatforms) = postSolution
		{3AF8DF2F-394B-4D3D-8761-F143C4A2F340}.Debug|Any CPU.ActiveCfg = Debug|Any CPU
		{3AF8DF2F-394B-4D3D-8761-F143C4A2F340}.Debug|Any CPU.Build.0 = Debug|Any CPU
		{3AF8DF2F-394B-4D3D-8761-F143C4A2F340}.Release|Any CPU.ActiveCfg = Release|Any CPU
		{3AF8DF2F-394B-4D3D-8761-F143C4A2F340}.Release|Any CPU.Build.0 = Release|Any CPU
	EndGlobalSection
	GlobalSection(SolutionProperties) = preSolution
		HideSolutionNode = FALSE
	EndGlobalSection
	GlobalSection(ExtensibilityGlobals) = postSolution
		SolutionGuid = {2FDF7EC8-C4A8-4448-8588-6AB37EE58DB8}
	EndGlobalSection
EndGlobal
